
Microsoft Visual Studio Solution File, Format Version 12.00
# Visual Studio Version 17
VisualStudioVersion = 17.5.33414.496
MinimumVisualStudioVersion = 10.0.40219.1
Project("{9A19103F-16F7-4668-BE54-9A1E7A4F7556}") = "TMS.API", "TMS.API\TMS.API.csproj", "{AEB3430B-349E-4F10-AC5B-340AC196DD3B}"
EndProject
Project("{9A19103F-16F7-4668-BE54-9A1E7A4F7556}") = "TMS.Data", "TMS.Data\TMS.Data.csproj", "{244279E1-CF7D-4A7E-B8E3-4CCE089F29F1}"
EndProject
Project("{9A19103F-16F7-4668-BE54-9A1E7A4F7556}") = "TMS.Model", "TMS.Model\TMS.Model.csproj", "{CC125736-E1EA-464B-A3AD-153E380BF3C0}"
EndProject
Project("{9A19103F-16F7-4668-BE54-9A1E7A4F7556}") = "TMS.Service", "TMS.Service\TMS.Service.csproj", "{4ED01388-7AD5-44DB-80C8-FA1EA128D9F1}"
EndProject
Project("{9A19103F-16F7-4668-BE54-9A1E7A4F7556}") = "TMS.ModelDTO", "TMS.ModelDTO\TMS.ModelDTO.csproj", "{2CC87187-44EA-41BC-A519-CBC5007BE446}"
EndProject
Project("{FAE04EC0-301F-11D3-BF4B-00C04F79EFBC}") = "TMS.Utility", "TMS.Utility\TMS.Utility.csproj", "{6EF03925-D1DD-4489-B1B9-2B891C551EA7}"
EndProject
Global
	GlobalSection(SolutionConfigurationPlatforms) = preSolution
		Debug|Any CPU = Debug|Any CPU
		Release|Any CPU = Release|Any CPU
	EndGlobalSection
	GlobalSection(ProjectConfigurationPlatforms) = postSolution
		{AEB3430B-349E-4F10-AC5B-340AC196DD3B}.Debug|Any CPU.ActiveCfg = Debug|Any CPU
		{AEB3430B-349E-4F10-AC5B-340AC196DD3B}.Debug|Any CPU.Build.0 = Debug|Any CPU
		{AEB3430B-349E-4F10-AC5B-340AC196DD3B}.Release|Any CPU.ActiveCfg = Release|Any CPU
		{AEB3430B-349E-4F10-AC5B-340AC196DD3B}.Release|Any CPU.Build.0 = Release|Any CPU
		{244279E1-CF7D-4A7E-B8E3-4CCE089F29F1}.Debug|Any CPU.ActiveCfg = Debug|Any CPU
		{244279E1-CF7D-4A7E-B8E3-4CCE089F29F1}.Debug|Any CPU.Build.0 = Debug|Any CPU
		{244279E1-CF7D-4A7E-B8E3-4CCE089F29F1}.Release|Any CPU.ActiveCfg = Release|Any CPU
		{244279E1-CF7D-4A7E-B8E3-4CCE089F29F1}.Release|Any CPU.Build.0 = Release|Any CPU
		{CC125736-E1EA-464B-A3AD-153E380BF3C0}.Debug|Any CPU.ActiveCfg = Debug|Any CPU
		{CC125736-E1EA-464B-A3AD-153E380BF3C0}.Debug|Any CPU.Build.0 = Debug|Any CPU
		{CC125736-E1EA-464B-A3AD-153E380BF3C0}.Release|Any CPU.ActiveCfg = Release|Any CPU
		{CC125736-E1EA-464B-A3AD-153E380BF3C0}.Release|Any CPU.Build.0 = Release|Any CPU
		{4ED01388-7AD5-44DB-80C8-FA1EA128D9F1}.Debug|Any CPU.ActiveCfg = Debug|Any CPU
		{4ED01388-7AD5-44DB-80C8-FA1EA128D9F1}.Debug|Any CPU.Build.0 = Debug|Any CPU
		{4ED01388-7AD5-44DB-80C8-FA1EA128D9F1}.Release|Any CPU.ActiveCfg = Release|Any CPU
		{4ED01388-7AD5-44DB-80C8-FA1EA128D9F1}.Release|Any CPU.Build.0 = Release|Any CPU
		{2CC87187-44EA-41BC-A519-CBC5007BE446}.Debug|Any CPU.ActiveCfg = Debug|Any CPU
		{2CC87187-44EA-41BC-A519-CBC5007BE446}.Debug|Any CPU.Build.0 = Debug|Any CPU
		{2CC87187-44EA-41BC-A519-CBC5007BE446}.Release|Any CPU.ActiveCfg = Release|Any CPU
		{2CC87187-44EA-41BC-A519-CBC5007BE446}.Release|Any CPU.Build.0 = Release|Any CPU
		{6EF03925-D1DD-4489-B1B9-2B891C551EA7}.Debug|Any CPU.ActiveCfg = Debug|Any CPU
		{6EF03925-D1DD-4489-B1B9-2B891C551EA7}.Debug|Any CPU.Build.0 = Debug|Any CPU
		{6EF03925-D1DD-4489-B1B9-2B891C551EA7}.Release|Any CPU.ActiveCfg = Release|Any CPU
		{6EF03925-D1DD-4489-B1B9-2B891C551EA7}.Release|Any CPU.Build.0 = Release|Any CPU
	EndGlobalSection
	GlobalSection(SolutionProperties) = preSolution
		HideSolutionNode = FALSE
	EndGlobalSection
	GlobalSection(ExtensibilityGlobals) = postSolution
		SolutionGuid = {0A156E8E-4CB1-4B2B-83AB-049C9E9E9E66}
	EndGlobalSection
EndGlobal
